
Microsoft Visual Studio Solution File, Format Version 12.00
# Visual Studio Version 17
VisualStudioVersion = 17.14.36705.20 d17.14
MinimumVisualStudioVersion = 10.0.40219.1
Project("{FAE04EC0-301F-11D3-BF4B-00C04F79EFBC}") = "PolyFract", "PolyFract\PolyFract.csproj", "{0408F0A0-9580-489F-8A61-09B89C1AAA5E}"
EndProject
Global
	GlobalSection(SolutionConfigurationPlatforms) = preSolution
		Debug|Any CPU = Debug|Any CPU
		Release|Any CPU = Release|Any CPU
	EndGlobalSection
	GlobalSection(ProjectConfigurationPlatforms) = postSolution
		{0408F0A0-9580-489F-8A61-09B89C1AAA5E}.Debug|Any CPU.ActiveCfg = Debug|Any CPU
		{0408F0A0-9580-489F-8A61-09B89C1AAA5E}.Debug|Any CPU.Build.0 = Debug|Any CPU
		{0408F0A0-9580-489F-8A61-09B89C1AAA5E}.Release|Any CPU.ActiveCfg = Release|Any CPU
		{0408F0A0-9580-489F-8A61-09B89C1AAA5E}.Release|Any CPU.Build.0 = Release|Any CPU
	EndGlobalSection
	GlobalSection(SolutionProperties) = preSolution
		HideSolutionNode = FALSE
	EndGlobalSection
	GlobalSection(ExtensibilityGlobals) = postSolution
		SolutionGuid = {A2124365-EE3E-45AB-AC58-B1EB4E3437CD}
	EndGlobalSection
EndGlobal
